
Microsoft Visual Studio Solution File, Format Version 12.00
# Visual Studio Version 16
VisualStudioVersion = 16.0.29613.14
MinimumVisualStudioVersion = 10.0.40219.1
Project("{FAE04EC0-301F-11D3-BF4B-00C04F79EFBC}") = "streamdeck-totalmix", "streamdeck-totalmix.csproj", "{4635D874-69C0-4010-BE46-77EF92EB1553}"
EndProject
Global
	GlobalSection(SolutionConfigurationPlatforms) = preSolution
		Debug|Any CPU = Debug|Any CPU
		Release|Any CPU = Release|Any CPU
	EndGlobalSection
	GlobalSection(ProjectConfigurationPlatforms) = postSolution
		{4635D874-69C0-4010-BE46-77EF92EB1553}.Debug|Any CPU.ActiveCfg = Debug|Any CPU
		{4635D874-69C0-4010-BE46-77EF92EB1553}.Debug|Any CPU.Build.0 = Debug|Any CPU
		{4635D874-69C0-4010-BE46-77EF92EB1553}.Release|Any CPU.ActiveCfg = Release|Any CPU
		{4635D874-69C0-4010-BE46-77EF92EB1553}.Release|Any CPU.Build.0 = Release|Any CPU
	EndGlobalSection
	GlobalSection(SolutionProperties) = preSolution
		HideSolutionNode = FALSE
	EndGlobalSection
	GlobalSection(ExtensibilityGlobals) = postSolution
		SolutionGuid = {49A4A421-D4A2-4668-946B-E27EDAD71294}
	EndGlobalSection
EndGlobal
